Microsoft Visual Studio Solution File, Format Version 11.00
# Visual Studio 2008

Project("{F87567F2-159B-4257-95EB-B7BA9BC406EC}") = "Patrick", "Assembly-CSharp.csproj", "{93C03C3C-9576-FC55-18A6-5A43F2043BD5}"
EndProject
Global
	GlobalSection(SolutionConfigurationPlatforms) = preSolution
		Debug|Any CPU = Debug|Any CPU
		Release|Any CPU = Release|Any CPU
	EndGlobalSection
	GlobalSection(ProjectConfigurationPlatforms) = postSolution
		{93C03C3C-9576-FC55-18A6-5A43F2043BD5}.Debug|Any CPU.ActiveCfg = Debug|Any CPU
		{93C03C3C-9576-FC55-18A6-5A43F2043BD5}.Debug|Any CPU.Build.0 = Debug|Any CPU
		{93C03C3C-9576-FC55-18A6-5A43F2043BD5}.Release|Any CPU.ActiveCfg = Release|Any CPU
		{93C03C3C-9576-FC55-18A6-5A43F2043BD5}.Release|Any CPU.Build.0 = Release|Any CPU
	EndGlobalSection
	GlobalSection(SolutionProperties) = preSolution
		HideSolutionNode = FALSE
	EndGlobalSection
	GlobalSection(MonoDevelopProperties) = preSolution
		StartupItem = Assembly-CSharp.csproj
	EndGlobalSection
EndGlobal
